
Microsoft Visual Studio Solution File, Format Version 12.00
# Visual Studio Version 17
VisualStudioVersion = 17.14.36414.22
MinimumVisualStudioVersion = 10.0.40219.1
Project("{FAE04EC0-301F-11D3-BF4B-00C04F79EFBC}") = "CatchTheMouse.Lib", "CatchTheMouse.Lib\CatchTheMouse.Lib.csproj", "{ECAF2B7B-DDF6-4793-8C82-270705213C8A}"
EndProject
Project("{FAE04EC0-301F-11D3-BF4B-00C04F79EFBC}") = "CatchTheMouse.GUI", "CatchTheMouse.GUI\CatchTheMouse.GUI.csproj", "{93F7D73B-E4C2-444C-90A9-7AD5F7734737}"
EndProject
Project("{FAE04EC0-301F-11D3-BF4B-00C04F79EFBC}") = "CatchTheMouse.Lib.UnitTests", "CatchTheMouse.Lib.UnitTests\CatchTheMouse.Lib.UnitTests.csproj", "{F2527B46-F1CD-4268-ADA2-0F9A28182ADD}"
EndProject
Global
	GlobalSection(SolutionConfigurationPlatforms) = preSolution
		Debug|Any CPU = Debug|Any CPU
		Release|Any CPU = Release|Any CPU
	EndGlobalSection
	GlobalSection(ProjectConfigurationPlatforms) = postSolution
		{ECAF2B7B-DDF6-4793-8C82-270705213C8A}.Debug|Any CPU.ActiveCfg = Debug|Any CPU
		{ECAF2B7B-DDF6-4793-8C82-270705213C8A}.Debug|Any CPU.Build.0 = Debug|Any CPU
		{ECAF2B7B-DDF6-4793-8C82-270705213C8A}.Release|Any CPU.ActiveCfg = Release|Any CPU
		{ECAF2B7B-DDF6-4793-8C82-270705213C8A}.Release|Any CPU.Build.0 = Release|Any CPU
		{93F7D73B-E4C2-444C-90A9-7AD5F7734737}.Debug|Any CPU.ActiveCfg = Debug|Any CPU
		{93F7D73B-E4C2-444C-90A9-7AD5F7734737}.Debug|Any CPU.Build.0 = Debug|Any CPU
		{93F7D73B-E4C2-444C-90A9-7AD5F7734737}.Release|Any CPU.ActiveCfg = Release|Any CPU
		{93F7D73B-E4C2-444C-90A9-7AD5F7734737}.Release|Any CPU.Build.0 = Release|Any CPU
		{F2527B46-F1CD-4268-ADA2-0F9A28182ADD}.Debug|Any CPU.ActiveCfg = Debug|Any CPU
		{F2527B46-F1CD-4268-ADA2-0F9A28182ADD}.Debug|Any CPU.Build.0 = Debug|Any CPU
		{F2527B46-F1CD-4268-ADA2-0F9A28182ADD}.Release|Any CPU.ActiveCfg = Release|Any CPU
		{F2527B46-F1CD-4268-ADA2-0F9A28182ADD}.Release|Any CPU.Build.0 = Release|Any CPU
	EndGlobalSection
	GlobalSection(SolutionProperties) = preSolution
		HideSolutionNode = FALSE
	EndGlobalSection
	GlobalSection(ExtensibilityGlobals) = postSolution
		SolutionGuid = {5A82D6A4-6609-4E1F-B20C-D79A55854F8A}
	EndGlobalSection
EndGlobal
